// !$*UTF8*$!
{
	archiveVersion = 1;
	classes = {
	};
	objectVersion = 56;
	objects = {

/* Begin PBXBuildFile section */
		786C72A52A2FBDC4005BBD7D /* JournalApp.swift in Sources */ = {isa = PBXBuildFile; fileRef = 786C72A42A2FBDC4005BBD7D /* JournalApp.swift */; };
		786C72A92A2FBDC4005BBD7D /* ContentView.swift in Sources */ = {isa = PBXBuildFile; fileRef = 786C72A82A2FBDC4005BBD7D /* ContentView.swift */; };
		786C72AB2A2FBDC5005BBD7D /* Assets.xcassets in Resources */ = {isa = PBXBuildFile; fileRef = 786C72AA2A2FBDC5005BBD7D /* Assets.xcassets */; };
		786C72AF2A2FBDC5005BBD7D /* Preview Assets.xcassets in Resources */ = {isa = PBXBuildFile; fileRef = 786C72AE2A2FBDC5005BBD7D /* Preview Assets.xcassets */; };
		786C72BA2A2FBDC5005BBD7D /* JournalTests.swift in Sources */ = {isa = PBXBuildFile; fileRef = 786C72B92A2FBDC5005BBD7D /* JournalTests.swift */; };
		786C72C42A2FBDC5005BBD7D /* JournalUITests.swift in Sources */ = {isa = PBXBuildFile; fileRef = 786C72C32A2FBDC5005BBD7D /* JournalUITests.swift */; };
		786C72C62A2FBDC5005BBD7D /* JournalUITestsLaunchTests.swift in Sources */ = {isa = PBXBuildFile; fileRef = 786C72C52A2FBDC5005BBD7D /* JournalUITestsLaunchTests.swift */; };
		786C72D32A2FBE59005BBD7D /* PersistanceController.swift in Sources */ = {isa = PBXBuildFile; fileRef = 786C72D22A2FBE59005BBD7D /* PersistanceController.swift */; };
		786C72D52A2FBEBA005BBD7D /* Trip.swift in Sources */ = {isa = PBXBuildFile; fileRef = 786C72D42A2FBEBA005BBD7D /* Trip.swift */; };
		786C72D72A2FBF61005BBD7D /* Step.swift in Sources */ = {isa = PBXBuildFile; fileRef = 786C72D62A2FBF61005BBD7D /* Step.swift */; };
		78BD469F2A2FD68300777E9B /* TripView.swift in Sources */ = {isa = PBXBuildFile; fileRef = 78BD469E2A2FD68300777E9B /* TripView.swift */; };
		78BD46A12A30A25000777E9B /* ModelContextPreview.swift in Sources */ = {isa = PBXBuildFile; fileRef = 78BD46A02A30A25000777E9B /* ModelContextPreview.swift */; };
		78BD46A32A30A57F00777E9B /* Trip-Preview.swift in Sources */ = {isa = PBXBuildFile; fileRef = 78BD46A22A30A57F00777E9B /* Trip-Preview.swift */; };
/* End PBXBuildFile section */

/* Begin PBXContainerItemProxy section */
		786C72B62A2FBDC5005BBD7D /* PBXContainerItemProxy */ = {
			isa = PBXContainerItemProxy;
			containerPortal = 786C72992A2FBDC4005BBD7D /* Project object */;
			proxyType = 1;
			remoteGlobalIDString = 786C72A02A2FBDC4005BBD7D;
			remoteInfo = Journal;
		};
		786C72C02A2FBDC5005BBD7D /* PBXContainerItemProxy */ = {
			isa = PBXContainerItemProxy;
			containerPortal = 786C72992A2FBDC4005BBD7D /* Project object */;
			proxyType = 1;
			remoteGlobalIDString = 786C72A02A2FBDC4005BBD7D;
			remoteInfo = Journal;
		};
/* End PBXContainerItemProxy section */

/* Begin PBXFileReference section */
		786C72A12A2FBDC4005BBD7D /* Journal.app */ = {isa = PBXFileReference; explicitFileType = wrapper.application; includeInIndex = 0; path = Journal.app; sourceTree = BUILT_PRODUCTS_DIR; };
		786C72A42A2FBDC4005BBD7D /* JournalApp.swift */ = {isa = PBXFileReference; lastKnownFileType = sourcecode.swift; path = JournalApp.swift; sourceTree = "<group>"; };
		786C72A82A2FBDC4005BBD7D /* ContentView.swift */ = {isa = PBXFileReference; lastKnownFileType = sourcecode.swift; path = ContentView.swift; sourceTree = "<group>"; };
		786C72AA2A2FBDC5005BBD7D /* Assets.xcassets */ = {isa = PBXFileReference; lastKnownFileType = folder.assetcatalog; path = Assets.xcassets; sourceTree = "<group>"; };
		786C72AC2A2FBDC5005BBD7D /* Journal.entitlements */ = {isa = PBXFileReference; lastKnownFileType = text.plist.entitlements; path = Journal.entitlements; sourceTree = "<group>"; };
		786C72AE2A2FBDC5005BBD7D /* Preview Assets.xcassets */ = {isa = PBXFileReference; lastKnownFileType = folder.assetcatalog; path = "Preview Assets.xcassets"; sourceTree = "<group>"; };
		786C72B02A2FBDC5005BBD7D /* Info.plist */ = {isa = PBXFileReference; lastKnownFileType = text.plist.xml; path = Info.plist; sourceTree = "<group>"; };
		786C72B52A2FBDC5005BBD7D /* JournalTests.xctest */ = {isa = PBXFileReference; explicitFileType = wrapper.cfbundle; includeInIndex = 0; path = JournalTests.xctest; sourceTree = BUILT_PRODUCTS_DIR; };
		786C72B92A2FBDC5005BBD7D /* JournalTests.swift */ = {isa = PBXFileReference; lastKnownFileType = sourcecode.swift; path = JournalTests.swift; sourceTree = "<group>"; };
		786C72BF2A2FBDC5005BBD7D /* JournalUITests.xctest */ = {isa = PBXFileReference; explicitFileType = wrapper.cfbundle; includeInIndex = 0; path = JournalUITests.xctest; sourceTree = BUILT_PRODUCTS_DIR; };
		786C72C32A2FBDC5005BBD7D /* JournalUITests.swift */ = {isa = PBXFileReference; lastKnownFileType = sourcecode.swift; path = JournalUITests.swift; sourceTree = "<group>"; };
		786C72C52A2FBDC5005BBD7D /* JournalUITestsLaunchTests.swift */ = {isa = PBXFileReference; lastKnownFileType = sourcecode.swift; path = JournalUITestsLaunchTests.swift; sourceTree = "<group>"; };
		786C72D22A2FBE59005BBD7D /* PersistanceController.swift */ = {isa = PBXFileReference; lastKnownFileType = sourcecode.swift; path = PersistanceController.swift; sourceTree = "<group>"; };
		786C72D42A2FBEBA005BBD7D /* Trip.swift */ = {isa = PBXFileReference; lastKnownFileType = sourcecode.swift; path = Trip.swift; sourceTree = "<group>"; };
		786C72D62A2FBF61005BBD7D /* Step.swift */ = {isa = PBXFileReference; lastKnownFileType = sourcecode.swift; path = Step.swift; sourceTree = "<group>"; };
		78BD469E2A2FD68300777E9B /* TripView.swift */ = {isa = PBXFileReference; lastKnownFileType = sourcecode.swift; path = TripView.swift; sourceTree = "<group>"; };
		78BD46A02A30A25000777E9B /* ModelContextPreview.swift */ = {isa = PBXFileReference; lastKnownFileType = sourcecode.swift; path = ModelContextPreview.swift; sourceTree = "<group>"; };
		78BD46A22A30A57F00777E9B /* Trip-Preview.swift */ = {isa = PBXFileReference; lastKnownFileType = sourcecode.swift; path = "Trip-Preview.swift"; sourceTree = "<group>"; };
/* End PBXFileReference section */

/* Begin PBXFrameworksBuildPhase section */
		786C729E2A2FBDC4005BBD7D /* Frameworks */ = {
			isa = PBXFrameworksBuildPhase;
			buildActionMask = 2147483647;
			files = (
			);
			runOnlyForDeploymentPostprocessing = 0;
		};
		786C72B22A2FBDC5005BBD7D /* Frameworks */ = {
			isa = PBXFrameworksBuildPhase;
			buildActionMask = 2147483647;
			files = (
			);
			runOnlyForDeploymentPostprocessing = 0;
		};
		786C72BC2A2FBDC5005BBD7D /* Frameworks */ = {
			isa = PBXFrameworksBuildPhase;
			buildActionMask = 2147483647;
			files = (
			);
			runOnlyForDeploymentPostprocessing = 0;
		};
/* End PBXFrameworksBuildPhase section */

/* Begin PBXGroup section */
		786C72982A2FBDC4005BBD7D = {
			isa = PBXGroup;
			children = (
				786C72A32A2FBDC4005BBD7D /* Journal */,
				786C72B82A2FBDC5005BBD7D /* JournalTests */,
				786C72C22A2FBDC5005BBD7D /* JournalUITests */,
				786C72A22A2FBDC4005BBD7D /* Products */,
			);
			sourceTree = "<group>";
		};
		786C72A22A2FBDC4005BBD7D /* Products */ = {
			isa = PBXGroup;
			children = (
				786C72A12A2FBDC4005BBD7D /* Journal.app */,
				786C72B52A2FBDC5005BBD7D /* JournalTests.xctest */,
				786C72BF2A2FBDC5005BBD7D /* JournalUITests.xctest */,
			);
			name = Products;
			sourceTree = "<group>";
		};
		786C72A32A2FBDC4005BBD7D /* Journal */ = {
			isa = PBXGroup;
			children = (
				786C72A42A2FBDC4005BBD7D /* JournalApp.swift */,
				786C72D22A2FBE59005BBD7D /* PersistanceController.swift */,
				786C72D42A2FBEBA005BBD7D /* Trip.swift */,
				786C72D62A2FBF61005BBD7D /* Step.swift */,
				786C72A82A2FBDC4005BBD7D /* ContentView.swift */,
				78BD469E2A2FD68300777E9B /* TripView.swift */,
				786C72AA2A2FBDC5005BBD7D /* Assets.xcassets */,
				786C72AC2A2FBDC5005BBD7D /* Journal.entitlements */,
				786C72B02A2FBDC5005BBD7D /* Info.plist */,
				786C72AD2A2FBDC5005BBD7D /* Preview Content */,
			);
			path = Journal;
			sourceTree = "<group>";
		};
		786C72AD2A2FBDC5005BBD7D /* Preview Content */ = {
			isa = PBXGroup;
			children = (
				786C72AE2A2FBDC5005BBD7D /* Preview Assets.xcassets */,
				78BD46A02A30A25000777E9B /* ModelContextPreview.swift */,
				78BD46A22A30A57F00777E9B /* Trip-Preview.swift */,
			);
			path = "Preview Content";
			sourceTree = "<group>";
		};
		786C72B82A2FBDC5005BBD7D /* JournalTests */ = {
			isa = PBXGroup;
			children = (
				786C72B92A2FBDC5005BBD7D /* JournalTests.swift */,
			);
			path = JournalTests;
			sourceTree = "<group>";
		};
		786C72C22A2FBDC5005BBD7D /* JournalUITests */ = {
			isa = PBXGroup;
			children = (
				786C72C32A2FBDC5005BBD7D /* JournalUITests.swift */,
				786C72C52A2FBDC5005BBD7D /* JournalUITestsLaunchTests.swift */,
			);
			path = JournalUITests;
			sourceTree = "<group>";
		};
/* End PBXGroup section */

/* Begin PBXNativeTarget section */
		786C72A02A2FBDC4005BBD7D /* Journal */ = {
			isa = PBXNativeTarget;
			buildConfigurationList = 786C72C92A2FBDC5005BBD7D /* Build configuration list for PBXNativeTarget "Journal" */;
			buildPhases = (
				786C729D2A2FBDC4005BBD7D /* Sources */,
				786C729E2A2FBDC4005BBD7D /* Frameworks */,
				786C729F2A2FBDC4005BBD7D /* Resources */,
			);
			buildRules = (
			);
			dependencies = (
			);
			name = Journal;
			productName = Journal;
			productReference = 786C72A12A2FBDC4005BBD7D /* Journal.app */;
			productType = "com.apple.product-type.application";
		};
		786C72B42A2FBDC5005BBD7D /* JournalTests */ = {
			isa = PBXNativeTarget;
			buildConfigurationList = 786C72CC2A2FBDC5005BBD7D /* Build configuration list for PBXNativeTarget "JournalTests" */;
			buildPhases = (
				786C72B12A2FBDC5005BBD7D /* Sources */,
				786C72B22A2FBDC5005BBD7D /* Frameworks */,
				786C72B32A2FBDC5005BBD7D /* Resources */,
			);
			buildRules = (
			);
			dependencies = (
				786C72B72A2FBDC5005BBD7D /* PBXTargetDependency */,
			);
			name = JournalTests;
			productName = JournalTests;
			productReference = 786C72B52A2FBDC5005BBD7D /* JournalTests.xctest */;
			productType = "com.apple.product-type.bundle.unit-test";
		};
		786C72BE2A2FBDC5005BBD7D /* JournalUITests */ = {
			isa = PBXNativeTarget;
			buildConfigurationList = 786C72CF2A2FBDC5005BBD7D /* Build configuration list for PBXNativeTarget "JournalUITests" */;
			buildPhases = (
				786C72BB2A2FBDC5005BBD7D /* Sources */,
				786C72BC2A2FBDC5005BBD7D /* Frameworks */,
				786C72BD2A2FBDC5005BBD7D /* Resources */,
			);
			buildRules = (
			);
			dependencies = (
				786C72C12A2FBDC5005BBD7D /* PBXTargetDependency */,
			);
			name = JournalUITests;
			productName = JournalUITests;
			productReference = 786C72BF2A2FBDC5005BBD7D /* JournalUITests.xctest */;
			productType = "com.apple.product-type.bundle.ui-testing";
		};
/* End PBXNativeTarget section */

/* Begin PBXProject section */
		786C72992A2FBDC4005BBD7D /* Project object */ = {
			isa = PBXProject;
			attributes = {
				BuildIndependentTargetsInParallel = 1;
				LastSwiftUpdateCheck = 1500;
				LastUpgradeCheck = 1500;
				TargetAttributes = {
					786C72A02A2FBDC4005BBD7D = {
						CreatedOnToolsVersion = 15.0;
					};
					786C72B42A2FBDC5005BBD7D = {
						CreatedOnToolsVersion = 15.0;
						TestTargetID = 786C72A02A2FBDC4005BBD7D;
					};
					786C72BE2A2FBDC5005BBD7D = {
						CreatedOnToolsVersion = 15.0;
						TestTargetID = 786C72A02A2FBDC4005BBD7D;
					};
				};
			};
			buildConfigurationList = 786C729C2A2FBDC4005BBD7D /* Build configuration list for PBXProject "Journal" */;
			compatibilityVersion = "Xcode 14.0";
			developmentRegion = en;
			hasScannedForEncodings = 0;
			knownRegions = (
				en,
				Base,
			);
			mainGroup = 786C72982A2FBDC4005BBD7D;
			productRefGroup = 786C72A22A2FBDC4005BBD7D /* Products */;
			projectDirPath = "";
			projectRoot = "";
			targets = (
				786C72A02A2FBDC4005BBD7D /* Journal */,
				786C72B42A2FBDC5005BBD7D /* JournalTests */,
				786C72BE2A2FBDC5005BBD7D /* JournalUITests */,
			);
		};
/* End PBXProject section */

/* Begin PBXResourcesBuildPhase section */
		786C729F2A2FBDC4005BBD7D /* Resources */ = {
			isa = PBXResourcesBuildPhase;
			buildActionMask = 2147483647;
			files = (
				786C72AF2A2FBDC5005BBD7D /* Preview Assets.xcassets in Resources */,
				786C72AB2A2FBDC5005BBD7D /* Assets.xcassets in Resources */,
			);
			runOnlyForDeploymentPostprocessing = 0;
		};
		786C72B32A2FBDC5005BBD7D /* Resources */ = {
			isa = PBXResourcesBuildPhase;
			buildActionMask = 2147483647;
			files = (
			);
			runOnlyForDeploymentPostprocessing = 0;
		};
		786C72BD2A2FBDC5005BBD7D /* Resources */ = {
			isa = PBXResourcesBuildPhase;
			buildActionMask = 2147483647;
			files = (
			);
			runOnlyForDeploymentPostprocessing = 0;
		};
/* End PBXResourcesBuildPhase section */

/* Begin PBXSourcesBuildPhase section */
		786C729D2A2FBDC4005BBD7D /* Sources */ = {
			isa = PBXSourcesBuildPhase;
			buildActionMask = 2147483647;
			files = (
				786C72D52A2FBEBA005BBD7D /* Trip.swift in Sources */,
				786C72A52A2FBDC4005BBD7D /* JournalApp.swift in Sources */,
				786C72A92A2FBDC4005BBD7D /* ContentView.swift in Sources */,
				78BD46A12A30A25000777E9B /* ModelContextPreview.swift in Sources */,
				786C72D32A2FBE59005BBD7D /* PersistanceController.swift in Sources */,
				78BD46A32A30A57F00777E9B /* Trip-Preview.swift in Sources */,
				786C72D72A2FBF61005BBD7D /* Step.swift in Sources */,
				78BD469F2A2FD68300777E9B /* TripView.swift in Sources */,
			);
			runOnlyForDeploymentPostprocessing = 0;
		};
		786C72B12A2FBDC5005BBD7D /* Sources */ = {
			isa = PBXSourcesBuildPhase;
			buildActionMask = 2147483647;
			files = (
				786C72BA2A2FBDC5005BBD7D /* JournalTests.swift in Sources */,
			);
			runOnlyForDeploymentPostprocessing = 0;
		};
		786C72BB2A2FBDC5005BBD7D /* Sources */ = {
			isa = PBXSourcesBuildPhase;
			buildActionMask = 2147483647;
			files = (
				786C72C62A2FBDC5005BBD7D /* JournalUITestsLaunchTests.swift in Sources */,
				786C72C42A2FBDC5005BBD7D /* JournalUITests.swift in Sources */,
			);
			runOnlyForDeploymentPostprocessing = 0;
		};
/* End PBXSourcesBuildPhase section */

/* Begin PBXTargetDependency section */
		786C72B72A2FBDC5005BBD7D /* PBXTargetDependency */ = {
			isa = PBXTargetDependency;
			target = 786C72A02A2FBDC4005BBD7D /* Journal */;
			targetProxy = 786C72B62A2FBDC5005BBD7D /* PBXContainerItemProxy */;
		};
		786C72C12A2FBDC5005BBD7D /* PBXTargetDependency */ = {
			isa = PBXTargetDependency;
			target = 786C72A02A2FBDC4005BBD7D /* Journal */;
			targetProxy = 786C72C02A2FBDC5005BBD7D /* PBXContainerItemProxy */;
		};
/* End PBXTargetDependency section */

/* Begin XCBuildConfiguration section */
		786C72C72A2FBDC5005BBD7D /* Debug */ = {
			isa = XCBuildConfiguration;
			buildSettings = {
				ALWAYS_SEARCH_USER_PATHS = NO;
				ASSETCATALOG_COMPILER_GENERATE_SWIFT_ASSET_SYMBOL_EXTENSIONS = YES;
				CLANG_ANALYZER_NONNULL = YES;
				CLANG_ANALYZER_NUMBER_OBJECT_CONVERSION = YES_AGGRESSIVE;
				CLANG_CXX_LANGUAGE_STANDARD = "gnu++20";
				CLANG_ENABLE_MODULES = YES;
				CLANG_ENABLE_OBJC_ARC = YES;
				CLANG_ENABLE_OBJC_WEAK = YES;
				CLANG_WARN_BLOCK_CAPTURE_AUTORELEASING = YES;
				CLANG_WARN_BOOL_CONVERSION = YES;
				CLANG_WARN_COMMA = YES;
				CLANG_WARN_CONSTANT_CONVERSION = YES;
				CLANG_WARN_DEPRECATED_OBJC_IMPLEMENTATIONS = YES;
				CLANG_WARN_DIRECT_OBJC_ISA_USAGE = YES_ERROR;
				CLANG_WARN_DOCUMENTATION_COMMENTS = YES;
				CLANG_WARN_EMPTY_BODY = YES;
				CLANG_WARN_ENUM_CONVERSION = YES;
				CLANG_WARN_INFINITE_RECURSION = YES;
				CLANG_WARN_INT_CONVERSION = YES;
				CLANG_WARN_NON_LITERAL_NULL_CONVERSION = YES;
				CLANG_WARN_OBJC_IMPLICIT_RETAIN_SELF = YES;
				CLANG_WARN_OBJC_LITERAL_CONVERSION = YES;
				CLANG_WARN_OBJC_ROOT_CLASS = YES_ERROR;
				CLANG_WARN_QUOTED_INCLUDE_IN_FRAMEWORK_HEADER = YES;
				CLANG_WARN_RANGE_LOOP_ANALYSIS = YES;
				CLANG_WARN_STRICT_PROTOTYPES = YES;
				CLANG_WARN_SUSPICIOUS_MOVE = YES;
				CLANG_WARN_UNGUARDED_AVAILABILITY = YES_AGGRESSIVE;
				CLANG_WARN_UNREACHABLE_CODE = YES;
				CLANG_WARN__DUPLICATE_METHOD_MATCH = YES;
				COPY_PHASE_STRIP = NO;
				DEBUG_INFORMATION_FORMAT = dwarf;
				ENABLE_STRICT_OBJC_MSGSEND = YES;
				ENABLE_TESTABILITY = YES;
				ENABLE_USER_SCRIPT_SANDBOXING = YES;
				GCC_C_LANGUAGE_STANDARD = gnu17;
				GCC_DYNAMIC_NO_PIC = NO;
				GCC_NO_COMMON_BLOCKS = YES;
				GCC_OPTIMIZATION_LEVEL = 0;
				GCC_PREPROCESSOR_DEFINITIONS = (
					"DEBUG=1",
					"$(inherited)",
				);
				GCC_WARN_64_TO_32_BIT_CONVERSION = YES;
				GCC_WARN_ABOUT_RETURN_TYPE = YES_ERROR;
				GCC_WARN_UNDECLARED_SELECTOR = YES;
				GCC_WARN_UNINITIALIZED_AUTOS = YES_AGGRESSIVE;
				GCC_WARN_UNUSED_FUNCTION = YES;
				GCC_WARN_UNUSED_VARIABLE = YES;
				LOCALIZATION_PREFERS_STRING_CATALOGS = YES;
				MTL_ENABLE_DEBUG_INFO = INCLUDE_SOURCE;
				MTL_FAST_MATH = YES;
				ONLY_ACTIVE_ARCH = YES;
				SWIFT_ACTIVE_COMPILATION_CONDITIONS = "DEBUG $(inherited)";
				SWIFT_OPTIMIZATION_LEVEL = "-Onone";
			};
			name = Debug;
		};
		786C72C82A2FBDC5005BBD7D /* Release */ = {
			isa = XCBuildConfiguration;
			buildSettings = {
				ALWAYS_SEARCH_USER_PATHS = NO;
				ASSETCATALOG_COMPILER_GENERATE_SWIFT_ASSET_SYMBOL_EXTENSIONS = YES;
				CLANG_ANALYZER_NONNULL = YES;
				CLANG_ANALYZER_NUMBER_OBJECT_CONVERSION = YES_AGGRESSIVE;
				CLANG_CXX_LANGUAGE_STANDARD = "gnu++20";
				CLANG_ENABLE_MODULES = YES;
				CLANG_ENABLE_OBJC_ARC = YES;
				CLANG_ENABLE_OBJC_WEAK = YES;
				CLANG_WARN_BLOCK_CAPTURE_AUTORELEASING = YES;
				CLANG_WARN_BOOL_CONVERSION = YES;
				CLANG_WARN_COMMA = YES;
				CLANG_WARN_CONSTANT_CONVERSION = YES;
				CLANG_WARN_DEPRECATED_OBJC_IMPLEMENTATIONS = YES;
				CLANG_WARN_DIRECT_OBJC_ISA_USAGE = YES_ERROR;
				CLANG_WARN_DOCUMENTATION_COMMENTS = YES;
				CLANG_WARN_EMPTY_BODY = YES;
				CLANG_WARN_ENUM_CONVERSION = YES;
				CLANG_WARN_INFINITE_RECURSION = YES;
				CLANG_WARN_INT_CONVERSION = YES;
				CLANG_WARN_NON_LITERAL_NULL_CONVERSION = YES;
				CLANG_WARN_OBJC_IMPLICIT_RETAIN_SELF = YES;
				CLANG_WARN_OBJC_LITERAL_CONVERSION = YES;
				CLANG_WARN_OBJC_ROOT_CLASS = YES_ERROR;
				CLANG_WARN_QUOTED_INCLUDE_IN_FRAMEWORK_HEADER = YES;
				CLANG_WARN_RANGE_LOOP_ANALYSIS = YES;
				CLANG_WARN_STRICT_PROTOTYPES = YES;
				CLANG_WARN_SUSPICIOUS_MOVE = YES;
				CLANG_WARN_UNGUARDED_AVAILABILITY = YES_AGGRESSIVE;
				CLANG_WARN_UNREACHABLE_CODE = YES;
				CLANG_WARN__DUPLICATE_METHOD_MATCH = YES;
				COPY_PHASE_STRIP = NO;
				DEBUG_INFORMATION_FORMAT = "dwarf-with-dsym";
				ENABLE_NS_ASSERTIONS = NO;
				ENABLE_STRICT_OBJC_MSGSEND = YES;
				ENABLE_USER_SCRIPT_SANDBOXING = YES;
				GCC_C_LANGUAGE_STANDARD = gnu17;
				GCC_NO_COMMON_BLOCKS = YES;
				GCC_WARN_64_TO_32_BIT_CONVERSION = YES;
				GCC_WARN_ABOUT_RETURN_TYPE = YES_ERROR;
				GCC_WARN_UNDECLARED_SELECTOR = YES;
				GCC_WARN_UNINITIALIZED_AUTOS = YES_AGGRESSIVE;
				GCC_WARN_UNUSED_FUNCTION = YES;
				GCC_WARN_UNUSED_VARIABLE = YES;
				LOCALIZATION_PREFERS_STRING_CATALOGS = YES;
				MTL_ENABLE_DEBUG_INFO = NO;
				MTL_FAST_MATH = YES;
				SWIFT_COMPILATION_MODE = wholemodule;
			};
			name = Release;
		};
		786C72CA2A2FBDC5005BBD7D /* Debug */ = {
			isa = XCBuildConfiguration;
			buildSettings = {
				ASSETCATALOG_COMPILER_APPICON_NAME = AppIcon;
				ASSETCATALOG_COMPILER_GLOBAL_ACCENT_COLOR_NAME = AccentColor;
				CODE_SIGN_ENTITLEMENTS = Journal/Journal.entitlements;
				CODE_SIGN_STYLE = Automatic;
				CURRENT_PROJECT_VERSION = 1;
				DEVELOPMENT_ASSET_PATHS = "\"Journal/Preview Content\"";
				DEVELOPMENT_TEAM = UJT6W9JA72;
				ENABLE_HARDENED_RUNTIME = YES;
				ENABLE_PREVIEWS = YES;
				GENERATE_INFOPLIST_FILE = YES;
				INFOPLIST_FILE = Journal/Info.plist;
				"INFOPLIST_KEY_UIApplicationSceneManifest_Generation[sdk=iphoneos*]" = YES;
				"INFOPLIST_KEY_UIApplicationSceneManifest_Generation[sdk=iphonesimulator*]" = YES;
				"INFOPLIST_KEY_UIApplicationSupportsIndirectInputEvents[sdk=iphoneos*]" = YES;
				"INFOPLIST_KEY_UIApplicationSupportsIndirectInputEvents[sdk=iphonesimulator*]" = YES;
				"INFOPLIST_KEY_UILaunchScreen_Generation[sdk=iphoneos*]" = YES;
				"INFOPLIST_KEY_UILaunchScreen_Generation[sdk=iphonesimulator*]" = YES;
				"INFOPLIST_KEY_UIStatusBarStyle[sdk=iphoneos*]" = UIStatusBarStyleDefault;
				"INFOPLIST_KEY_UIStatusBarStyle[sdk=iphonesimulator*]" = UIStatusBarStyleDefault;
				INFOPLIST_KEY_UISupportedInterfaceOrientations_iPad = "UIInterfaceOrientationPortrait UIInterfaceOrientationPortraitUpsideDown UIInterfaceOrientationLandscapeLeft UIInterfaceOrientationLandscapeRight";
				INFOPLIST_KEY_UISupportedInterfaceOrientations_iPhone = "UIInterfaceOrientationPortrait UIInterfaceOrientationLandscapeLeft UIInterfaceOrientationLandscapeRight";
				IPHONEOS_DEPLOYMENT_TARGET = 17.0;
				LD_RUNPATH_SEARCH_PATHS = "@executable_path/Frameworks";
				"LD_RUNPATH_SEARCH_PATHS[sdk=macosx*]" = "@executable_path/../Frameworks";
				MACOSX_DEPLOYMENT_TARGET = 14.0;
				MARKETING_VERSION = 1.0;
				PRODUCT_BUNDLE_IDENTIFIER = com.jillallan.Journal;
				PRODUCT_NAME = "$(TARGET_NAME)";
				SDKROOT = auto;
				SUPPORTED_PLATFORMS = "iphoneos iphonesimulator macosx";
				SWIFT_EMIT_LOC_STRINGS = YES;
				SWIFT_VERSION = 5.0;
				TARGETED_DEVICE_FAMILY = "1,2";
			};
			name = Debug;
		};
		786C72CB2A2FBDC5005BBD7D /* Release */ = {
			isa = XCBuildConfiguration;
			buildSettings = {
				ASSETCATALOG_COMPILER_APPICON_NAME = AppIcon;
				ASSETCATALOG_COMPILER_GLOBAL_ACCENT_COLOR_NAME = AccentColor;
				CODE_SIGN_ENTITLEMENTS = Journal/Journal.entitlements;
				CODE_SIGN_STYLE = Automatic;
				CURRENT_PROJECT_VERSION = 1;
				DEVELOPMENT_ASSET_PATHS = "\"Journal/Preview Content\"";
				DEVELOPMENT_TEAM = UJT6W9JA72;
				ENABLE_HARDENED_RUNTIME = YES;
				ENABLE_PREVIEWS = YES;
				GENERATE_INFOPLIST_FILE = YES;
				INFOPLIST_FILE = Journal/Info.plist;
				"INFOPLIST_KEY_UIApplicationSceneManifest_Generation[sdk=iphoneos*]" = YES;
				"INFOPLIST_KEY_UIApplicationSceneManifest_Generation[sdk=iphonesimulator*]" = YES;
				"INFOPLIST_KEY_UIApplicationSupportsIndirectInputEvents[sdk=iphoneos*]" = YES;
				"INFOPLIST_KEY_UIApplicationSupportsIndirectInputEvents[sdk=iphonesimulator*]" = YES;
				"INFOPLIST_KEY_UILaunchScreen_Generation[sdk=iphoneos*]" = YES;
				"INFOPLIST_KEY_UILaunchScreen_Generation[sdk=iphonesimulator*]" = YES;
				"INFOPLIST_KEY_UIStatusBarStyle[sdk=iphoneos*]" = UIStatusBarStyleDefault;
				"INFOPLIST_KEY_UIStatusBarStyle[sdk=iphonesimulator*]" = UIStatusBarStyleDefault;
				INFOPLIST_KEY_UISupportedInterfaceOrientations_iPad = "UIInterfaceOrientationPortrait UIInterfaceOrientationPortraitUpsideDown UIInterfaceOrientationLandscapeLeft UIInterfaceOrientationLandscapeRight";
				INFOPLIST_KEY_UISupportedInterfaceOrientations_iPhone = "UIInterfaceOrientationPortrait UIInterfaceOrientationLandscapeLeft UIInterfaceOrientationLandscapeRight";
				IPHONEOS_DEPLOYMENT_TARGET = 17.0;
				LD_RUNPATH_SEARCH_PATHS = "@executable_path/Frameworks";
				"LD_RUNPATH_SEARCH_PATHS[sdk=macosx*]" = "@executable_path/../Frameworks";
				MACOSX_DEPLOYMENT_TARGET = 14.0;
				MARKETING_VERSION = 1.0;
				PRODUCT_BUNDLE_IDENTIFIER = com.jillallan.Journal;
				PRODUCT_NAME = "$(TARGET_NAME)";
				SDKROOT = auto;
				SUPPORTED_PLATFORMS = "iphoneos iphonesimulator macosx";
				SWIFT_EMIT_LOC_STRINGS = YES;
				SWIFT_VERSION = 5.0;
				TARGETED_DEVICE_FAMILY = "1,2";
			};
			name = Release;
		};
		786C72CD2A2FBDC5005BBD7D /* Debug */ = {
			isa = XCBuildConfiguration;
			buildSettings = {
				ALWAYS_EMBED_SWIFT_STANDARD_LIBRARIES = YES;
				BUNDLE_LOADER = "$(TEST_HOST)";
				CODE_SIGN_STYLE = Automatic;
				CURRENT_PROJECT_VERSION = 1;
				DEVELOPMENT_TEAM = UJT6W9JA72;
				GENERATE_INFOPLIST_FILE = YES;
				IPHONEOS_DEPLOYMENT_TARGET = 17.0;
				MACOSX_DEPLOYMENT_TARGET = 14.0;
				MARKETING_VERSION = 1.0;
				PRODUCT_BUNDLE_IDENTIFIER = com.jillallan.JournalTests;
				PRODUCT_NAME = "$(TARGET_NAME)";
				SDKROOT = auto;
				SUPPORTED_PLATFORMS = "iphoneos iphonesimulator macosx";
				SWIFT_EMIT_LOC_STRINGS = NO;
				SWIFT_VERSION = 5.0;
				TARGETED_DEVICE_FAMILY = "1,2";
				TEST_HOST = "$(BUILT_PRODUCTS_DIR)/Journal.app/$(BUNDLE_EXECUTABLE_FOLDER_PATH)/Journal";
			};
			name = Debug;
		};
		786C72CE2A2FBDC5005BBD7D /* Release */ = {
			isa = XCBuildConfiguration;
			buildSettings = {
				ALWAYS_EMBED_SWIFT_STANDARD_LIBRARIES = YES;
				BUNDLE_LOADER = "$(TEST_HOST)";
				CODE_SIGN_STYLE = Automatic;
				CURRENT_PROJECT_VERSION = 1;
				DEVELOPMENT_TEAM = UJT6W9JA72;
				GENERATE_INFOPLIST_FILE = YES;
				IPHONEOS_DEPLOYMENT_TARGET = 17.0;
				MACOSX_DEPLOYMENT_TARGET = 14.0;
				MARKETING_VERSION = 1.0;
				PRODUCT_BUNDLE_IDENTIFIER = com.jillallan.JournalTests;
				PRODUCT_NAME = "$(TARGET_NAME)";
				SDKROOT = auto;
				SUPPORTED_PLATFORMS = "iphoneos iphonesimulator macosx";
				SWIFT_EMIT_LOC_STRINGS = NO;
				SWIFT_VERSION = 5.0;
				TARGETED_DEVICE_FAMILY = "1,2";
				TEST_HOST = "$(BUILT_PRODUCTS_DIR)/Journal.app/$(BUNDLE_EXECUTABLE_FOLDER_PATH)/Journal";
			};
			name = Release;
		};
		786C72D02A2FBDC5005BBD7D /* Debug */ = {
			isa = XCBuildConfiguration;
			buildSettings = {
				ALWAYS_EMBED_SWIFT_STANDARD_LIBRARIES = YES;
				CODE_SIGN_STYLE = Automatic;
				CURRENT_PROJECT_VERSION = 1;
				DEVELOPMENT_TEAM = UJT6W9JA72;
				GENERATE_INFOPLIST_FILE = YES;
				IPHONEOS_DEPLOYMENT_TARGET = 17.0;
				MACOSX_DEPLOYMENT_TARGET = 14.0;
				MARKETING_VERSION = 1.0;
				PRODUCT_BUNDLE_IDENTIFIER = com.jillallan.JournalUITests;
				PRODUCT_NAME = "$(TARGET_NAME)";
				SDKROOT = auto;
				SUPPORTED_PLATFORMS = "iphoneos iphonesimulator macosx";
				SWIFT_EMIT_LOC_STRINGS = NO;
				SWIFT_VERSION = 5.0;
				TARGETED_DEVICE_FAMILY = "1,2";
				TEST_TARGET_NAME = Journal;
			};
			name = Debug;
		};
		786C72D12A2FBDC5005BBD7D /* Release */ = {
			isa = XCBuildConfiguration;
			buildSettings = {
				ALWAYS_EMBED_SWIFT_STANDARD_LIBRARIES = YES;
				CODE_SIGN_STYLE = Automatic;
				CURRENT_PROJECT_VERSION = 1;
				DEVELOPMENT_TEAM = UJT6W9JA72;
				GENERATE_INFOPLIST_FILE = YES;
				IPHONEOS_DEPLOYMENT_TARGET = 17.0;
				MACOSX_DEPLOYMENT_TARGET = 14.0;
				MARKETING_VERSION = 1.0;
				PRODUCT_BUNDLE_IDENTIFIER = com.jillallan.JournalUITests;
				PRODUCT_NAME = "$(TARGET_NAME)";
				SDKROOT = auto;
				SUPPORTED_PLATFORMS = "iphoneos iphonesimulator macosx";
				SWIFT_EMIT_LOC_STRINGS = NO;
				SWIFT_VERSION = 5.0;
				TARGETED_DEVICE_FAMILY = "1,2";
				TEST_TARGET_NAME = Journal;
			};
			name = Release;
		};
/* End XCBuildConfiguration section */

/* Begin XCConfigurationList section */
		786C729C2A2FBDC4005BBD7D /* Build configuration list for PBXProject "Journal" */ = {
			isa = XCConfigurationList;
			buildConfigurations = (
				786C72C72A2FBDC5005BBD7D /* Debug */,
				786C72C82A2FBDC5005BBD7D /* Release */,
			);
			defaultConfigurationIsVisible = 0;
			defaultConfigurationName = Release;
		};
		786C72C92A2FBDC5005BBD7D /* Build configuration list for PBXNativeTarget "Journal" */ = {
			isa = XCConfigurationList;
			buildConfigurations = (
				786C72CA2A2FBDC5005BBD7D /* Debug */,
				786C72CB2A2FBDC5005BBD7D /* Release */,
			);
			defaultConfigurationIsVisible = 0;
			defaultConfigurationName = Release;
		};
		786C72CC2A2FBDC5005BBD7D /* Build configuration list for PBXNativeTarget "JournalTests" */ = {
			isa = XCConfigurationList;
			buildConfigurations = (
				786C72CD2A2FBDC5005BBD7D /* Debug */,
				786C72CE2A2FBDC5005BBD7D /* Release */,
			);
			defaultConfigurationIsVisible = 0;
			defaultConfigurationName = Release;
		};
		786C72CF2A2FBDC5005BBD7D /* Build configuration list for PBXNativeTarget "JournalUITests" */ = {
			isa = XCConfigurationList;
			buildConfigurations = (
				786C72D02A2FBDC5005BBD7D /* Debug */,
				786C72D12A2FBDC5005BBD7D /* Release */,
			);
			defaultConfigurationIsVisible = 0;
			defaultConfigurationName = Release;
		};
/* End XCConfigurationList section */
	};
	rootObject = 786C72992A2FBDC4005BBD7D /* Project object */;
}
